
Microsoft Visual Studio Solution File, Format Version 12.00
# Visual Studio Version 16
VisualStudioVersion = 16.0.31624.102
MinimumVisualStudioVersion = 10.0.40219.1
Project("{FAE04EC0-301F-11D3-BF4B-00C04F79EFBC}") = "ValueAndReferenceTypeConsoleApp", "ValueAndReferenceTypeConsoleApp\ValueAndReferenceTypeConsoleApp.csproj", "{77198AA8-71EA-4A06-A028-6F8AD572947D}"
EndProject
Global
	GlobalSection(SolutionConfigurationPlatforms) = preSolution
		Debug|Any CPU = Debug|Any CPU
		Release|Any CPU = Release|Any CPU
	EndGlobalSection
	GlobalSection(ProjectConfigurationPlatforms) = postSolution
		{77198AA8-71EA-4A06-A028-6F8AD572947D}.Debug|Any CPU.ActiveCfg = Debug|Any CPU
		{77198AA8-71EA-4A06-A028-6F8AD572947D}.Debug|Any CPU.Build.0 = Debug|Any CPU
		{77198AA8-71EA-4A06-A028-6F8AD572947D}.Release|Any CPU.ActiveCfg = Release|Any CPU
		{77198AA8-71EA-4A06-A028-6F8AD572947D}.Release|Any CPU.Build.0 = Release|Any CPU
	EndGlobalSection
	GlobalSection(SolutionProperties) = preSolution
		HideSolutionNode = FALSE
	EndGlobalSection
	GlobalSection(ExtensibilityGlobals) = postSolution
		SolutionGuid = {807F7520-647B-402D-B141-72E0B47A2945}
	EndGlobalSection
EndGlobal
